// !$*UTF8*$!
{
	archiveVersion = 1;
	classes = {
	};
	objectVersion = 56;
	objects = {

/* Begin PBXBuildFile section */
		C9B2F7CE2C78ED2900C86EE9 /* AppDelegate.swift in Sources */ = {isa = PBXBuildFile; fileRef = C9B2F7CD2C78ED2900C86EE9 /* AppDelegate.swift */; };
		C9B2F7D02C78ED2900C86EE9 /* SceneDelegate.swift in Sources */ = {isa = PBXBuildFile; fileRef = C9B2F7CF2C78ED2900C86EE9 /* SceneDelegate.swift */; };
		C9B2F7D32C78ED2900C86EE9 /* Base in Resources */ = {isa = PBXBuildFile; fileRef = C9B2F7D22C78ED2900C86EE9 /* Base */; };
		C9B2F7D62C78ED2900C86EE9 /* Base in Resources */ = {isa = PBXBuildFile; fileRef = C9B2F7D52C78ED2900C86EE9 /* Base */; };
		C9B2F7DF2C78ED2900C86EE9 /* AppDelegate.swift in Sources */ = {isa = PBXBuildFile; fileRef = C9B2F7DE2C78ED2900C86EE9 /* AppDelegate.swift */; };
		C9B2F7E22C78ED2900C86EE9 /* Base in Resources */ = {isa = PBXBuildFile; fileRef = C9B2F7E12C78ED2900C86EE9 /* Base */; };
		C9B2F7E92C78ED2900C86EE9 /* udm14-for-safari Extension.appex in Embed Foundation Extensions */ = {isa = PBXBuildFile; fileRef = C9B2F7E82C78ED2900C86EE9 /* udm14-for-safari Extension.appex */; settings = {ATTRIBUTES = (RemoveHeadersOnCopy, ); }; };
		C9B2F7F32C78ED2900C86EE9 /* udm14-for-safari Extension.appex in Embed Foundation Extensions */ = {isa = PBXBuildFile; fileRef = C9B2F7F22C78ED2900C86EE9 /* udm14-for-safari Extension.appex */; settings = {ATTRIBUTES = (RemoveHeadersOnCopy, ); }; };
		C9B2F7F92C78ED2900C86EE9 /* Base in Resources */ = {isa = PBXBuildFile; fileRef = C9B2F7B52C78ED2800C86EE9 /* Base */; };
		C9B2F7FA2C78ED2900C86EE9 /* Base in Resources */ = {isa = PBXBuildFile; fileRef = C9B2F7B52C78ED2800C86EE9 /* Base */; };
		C9B2F7FB2C78ED2900C86EE9 /* Icon.png in Resources */ = {isa = PBXBuildFile; fileRef = C9B2F7B62C78ED2800C86EE9 /* Icon.png */; };
		C9B2F7FC2C78ED2900C86EE9 /* Icon.png in Resources */ = {isa = PBXBuildFile; fileRef = C9B2F7B62C78ED2800C86EE9 /* Icon.png */; };
		C9B2F7FD2C78ED2900C86EE9 /* Style.css in Resources */ = {isa = PBXBuildFile; fileRef = C9B2F7B72C78ED2800C86EE9 /* Style.css */; };
		C9B2F7FE2C78ED2900C86EE9 /* Style.css in Resources */ = {isa = PBXBuildFile; fileRef = C9B2F7B72C78ED2800C86EE9 /* Style.css */; };
		C9B2F7FF2C78ED2900C86EE9 /* Script.js in Resources */ = {isa = PBXBuildFile; fileRef = C9B2F7B82C78ED2800C86EE9 /* Script.js */; };
		C9B2F8002C78ED2900C86EE9 /* Script.js in Resources */ = {isa = PBXBuildFile; fileRef = C9B2F7B82C78ED2800C86EE9 /* Script.js */; };
		C9B2F8012C78ED2900C86EE9 /* ViewController.swift in Sources */ = {isa = PBXBuildFile; fileRef = C9B2F7B92C78ED2800C86EE9 /* ViewController.swift */; };
		C9B2F8022C78ED2900C86EE9 /* ViewController.swift in Sources */ = {isa = PBXBuildFile; fileRef = C9B2F7B92C78ED2800C86EE9 /* ViewController.swift */; };
		C9B2F8032C78ED2900C86EE9 /* Assets.xcassets in Resources */ = {isa = PBXBuildFile; fileRef = C9B2F7BA2C78ED2900C86EE9 /* Assets.xcassets */; };
		C9B2F8042C78ED2900C86EE9 /* Assets.xcassets in Resources */ = {isa = PBXBuildFile; fileRef = C9B2F7BA2C78ED2900C86EE9 /* Assets.xcassets */; };
		C9B2F8052C78ED2900C86EE9 /* SafariWebExtensionHandler.swift in Sources */ = {isa = PBXBuildFile; fileRef = C9B2F7BC2C78ED2900C86EE9 /* SafariWebExtensionHandler.swift */; };
		C9B2F8062C78ED2900C86EE9 /* SafariWebExtensionHandler.swift in Sources */ = {isa = PBXBuildFile; fileRef = C9B2F7BC2C78ED2900C86EE9 /* SafariWebExtensionHandler.swift */; };
		C9B2F8072C78ED2900C86EE9 /* _locales in Resources */ = {isa = PBXBuildFile; fileRef = C9B2F7BE2C78ED2900C86EE9 /* _locales */; };
		C9B2F8082C78ED2900C86EE9 /* _locales in Resources */ = {isa = PBXBuildFile; fileRef = C9B2F7BE2C78ED2900C86EE9 /* _locales */; };
		C9B2F8092C78ED2900C86EE9 /* images in Resources */ = {isa = PBXBuildFile; fileRef = C9B2F7BF2C78ED2900C86EE9 /* images */; };
		C9B2F80A2C78ED2900C86EE9 /* images in Resources */ = {isa = PBXBuildFile; fileRef = C9B2F7BF2C78ED2900C86EE9 /* images */; };
		C9B2F80B2C78ED2900C86EE9 /* manifest.json in Resources */ = {isa = PBXBuildFile; fileRef = C9B2F7C02C78ED2900C86EE9 /* manifest.json */; };
		C9B2F80C2C78ED2900C86EE9 /* manifest.json in Resources */ = {isa = PBXBuildFile; fileRef = C9B2F7C02C78ED2900C86EE9 /* manifest.json */; };
		C9B2F8A22C78EF0100C86EE9 /* redirect-rules.json in Resources */ = {isa = PBXBuildFile; fileRef = C9B2F8A12C78EF0100C86EE9 /* redirect-rules.json */; };
		C9B2F8A32C78EF0100C86EE9 /* redirect-rules.json in Resources */ = {isa = PBXBuildFile; fileRef = C9B2F8A12C78EF0100C86EE9 /* redirect-rules.json */; };
		C9B2F8AA2C78F18C00C86EE9 /* MainViewController.swift in Sources */ = {isa = PBXBuildFile; fileRef = C9B2F8A82C78F18C00C86EE9 /* MainViewController.swift */; };
		C9B2F8AB2C78F18C00C86EE9 /* PreferenceViewController.swift in Sources */ = {isa = PBXBuildFile; fileRef = C9B2F8A92C78F18C00C86EE9 /* PreferenceViewController.swift */; };
		C9B2F8AE2C78F18C00C86EE9 /* UIView+AutoLayoutBuilder.swift in Sources */ = {isa = PBXBuildFile; fileRef = C9B2F8A42C78F18C00C86EE9 /* UIView+AutoLayoutBuilder.swift */; };
/* End PBXBuildFile section */

/* Begin PBXContainerItemProxy section */
		C9B2F7EA2C78ED2900C86EE9 /* PBXContainerItemProxy */ = {
			isa = PBXContainerItemProxy;
			containerPortal = C9B2F7AE2C78ED2800C86EE9 /* Project object */;
			proxyType = 1;
			remoteGlobalIDString = C9B2F7E72C78ED2900C86EE9;
			remoteInfo = "udm14-for-safari Extension (iOS)";
		};
		C9B2F7F42C78ED2900C86EE9 /* PBXContainerItemProxy */ = {
			isa = PBXContainerItemProxy;
			containerPortal = C9B2F7AE2C78ED2800C86EE9 /* Project object */;
			proxyType = 1;
			remoteGlobalIDString = C9B2F7F12C78ED2900C86EE9;
			remoteInfo = "udm14-for-safari Extension (macOS)";
		};
/* End PBXContainerItemProxy section */

/* Begin PBXCopyFilesBuildPhase section */
		C9B2F81C2C78ED2900C86EE9 /* Embed Foundation Extensions */ = {
			isa = PBXCopyFilesBuildPhase;
			buildActionMask = 2147483647;
			dstPath = "";
			dstSubfolderSpec = 13;
			files = (
				C9B2F7E92C78ED2900C86EE9 /* udm14-for-safari Extension.appex in Embed Foundation Extensions */,
			);
			name = "Embed Foundation Extensions";
			runOnlyForDeploymentPostprocessing = 0;
		};
		C9B2F8232C78ED2900C86EE9 /* Embed Foundation Extensions */ = {
			isa = PBXCopyFilesBuildPhase;
			buildActionMask = 2147483647;
			dstPath = "";
			dstSubfolderSpec = 13;
			files = (
				C9B2F7F32C78ED2900C86EE9 /* udm14-for-safari Extension.appex in Embed Foundation Extensions */,
			);
			name = "Embed Foundation Extensions";
			runOnlyForDeploymentPostprocessing = 0;
		};
/* End PBXCopyFilesBuildPhase section */

/* Begin PBXFileReference section */
		C9B2F7B52C78ED2800C86EE9 /* Base */ = {isa = PBXFileReference; lastKnownFileType = text.html; name = Base; path = ../Base.lproj/Main.html; sourceTree = "<group>"; };
		C9B2F7B62C78ED2800C86EE9 /* Icon.png */ = {isa = PBXFileReference; lastKnownFileType = image.png; path = Icon.png; sourceTree = "<group>"; };
		C9B2F7B72C78ED2800C86EE9 /* Style.css */ = {isa = PBXFileReference; lastKnownFileType = text.css; path = Style.css; sourceTree = "<group>"; };
		C9B2F7B82C78ED2800C86EE9 /* Script.js */ = {isa = PBXFileReference; lastKnownFileType = sourcecode.javascript; path = Script.js; sourceTree = "<group>"; };
		C9B2F7B92C78ED2800C86EE9 /* ViewController.swift */ = {isa = PBXFileReference; lastKnownFileType = sourcecode.swift; path = ViewController.swift; sourceTree = "<group>"; };
		C9B2F7BA2C78ED2900C86EE9 /* Assets.xcassets */ = {isa = PBXFileReference; lastKnownFileType = folder.assetcatalog; path = Assets.xcassets; sourceTree = "<group>"; };
		C9B2F7BC2C78ED2900C86EE9 /* SafariWebExtensionHandler.swift */ = {isa = PBXFileReference; lastKnownFileType = sourcecode.swift; path = SafariWebExtensionHandler.swift; sourceTree = "<group>"; };
		C9B2F7BE2C78ED2900C86EE9 /* _locales */ = {isa = PBXFileReference; lastKnownFileType = folder; path = _locales; sourceTree = "<group>"; };
		C9B2F7BF2C78ED2900C86EE9 /* images */ = {isa = PBXFileReference; lastKnownFileType = folder; path = images; sourceTree = "<group>"; };
		C9B2F7C02C78ED2900C86EE9 /* manifest.json */ = {isa = PBXFileReference; lastKnownFileType = text.json; path = manifest.json; sourceTree = "<group>"; };
		C9B2F7CA2C78ED2900C86EE9 /* udm14-for-safari.app */ = {isa = PBXFileReference; explicitFileType = wrapper.application; includeInIndex = 0; path = "udm14-for-safari.app"; sourceTree = BUILT_PRODUCTS_DIR; };
		C9B2F7CD2C78ED2900C86EE9 /* AppDelegate.swift */ = {isa = PBXFileReference; lastKnownFileType = sourcecode.swift; path = AppDelegate.swift; sourceTree = "<group>"; };
		C9B2F7CF2C78ED2900C86EE9 /* SceneDelegate.swift */ = {isa = PBXFileReference; lastKnownFileType = sourcecode.swift; path = SceneDelegate.swift; sourceTree = "<group>"; };
		C9B2F7D22C78ED2900C86EE9 /* Base */ = {isa = PBXFileReference; lastKnownFileType = file.storyboard; name = Base; path = Base.lproj/LaunchScreen.storyboard; sourceTree = "<group>"; };
		C9B2F7D52C78ED2900C86EE9 /* Base */ = {isa = PBXFileReference; lastKnownFileType = file.storyboard; name = Base; path = Base.lproj/Main.storyboard; sourceTree = "<group>"; };
		C9B2F7D72C78ED2900C86EE9 /* Info.plist */ = {isa = PBXFileReference; lastKnownFileType = text.plist.xml; path = Info.plist; sourceTree = "<group>"; };
		C9B2F7DC2C78ED2900C86EE9 /* udm14-for-safari.app */ = {isa = PBXFileReference; explicitFileType = wrapper.application; includeInIndex = 0; path = "udm14-for-safari.app"; sourceTree = BUILT_PRODUCTS_DIR; };
		C9B2F7DE2C78ED2900C86EE9 /* AppDelegate.swift */ = {isa = PBXFileReference; lastKnownFileType = sourcecode.swift; path = AppDelegate.swift; sourceTree = "<group>"; };
		C9B2F7E12C78ED2900C86EE9 /* Base */ = {isa = PBXFileReference; lastKnownFileType = file.storyboard; name = Base; path = Base.lproj/Main.storyboard; sourceTree = "<group>"; };
		C9B2F7E32C78ED2900C86EE9 /* udm14-for-safari.entitlements */ = {isa = PBXFileReference; lastKnownFileType = text.plist.entitlements; path = "udm14-for-safari.entitlements"; sourceTree = "<group>"; };
		C9B2F7E82C78ED2900C86EE9 /* udm14-for-safari Extension.appex */ = {isa = PBXFileReference; explicitFileType = "wrapper.app-extension"; includeInIndex = 0; path = "udm14-for-safari Extension.appex"; sourceTree = BUILT_PRODUCTS_DIR; };
		C9B2F7ED2C78ED2900C86EE9 /* Info.plist */ = {isa = PBXFileReference; lastKnownFileType = text.plist.xml; path = Info.plist; sourceTree = "<group>"; };
		C9B2F7F22C78ED2900C86EE9 /* udm14-for-safari Extension.appex */ = {isa = PBXFileReference; explicitFileType = "wrapper.app-extension"; includeInIndex = 0; path = "udm14-for-safari Extension.appex"; sourceTree = BUILT_PRODUCTS_DIR; };
		C9B2F7F72C78ED2900C86EE9 /* Info.plist */ = {isa = PBXFileReference; lastKnownFileType = text.plist.xml; path = Info.plist; sourceTree = "<group>"; };
		C9B2F7F82C78ED2900C86EE9 /* udm14-for-safari.entitlements */ = {isa = PBXFileReference; lastKnownFileType = text.plist.entitlements; path = "udm14-for-safari.entitlements"; sourceTree = "<group>"; };
		C9B2F8A12C78EF0100C86EE9 /* redirect-rules.json */ = {isa = PBXFileReference; fileEncoding = 4; lastKnownFileType = text.json; path = "redirect-rules.json"; sourceTree = "<group>"; };
		C9B2F8A42C78F18C00C86EE9 /* UIView+AutoLayoutBuilder.swift */ = {isa = PBXFileReference; lastKnownFileType = sourcecode.swift; path = "UIView+AutoLayoutBuilder.swift"; sourceTree = "<group>"; };
		C9B2F8A82C78F18C00C86EE9 /* MainViewController.swift */ = {isa = PBXFileReference; lastKnownFileType = sourcecode.swift; path = MainViewController.swift; sourceTree = "<group>"; };
		C9B2F8A92C78F18C00C86EE9 /* PreferenceViewController.swift */ = {isa = PBXFileReference; lastKnownFileType = sourcecode.swift; path = PreferenceViewController.swift; sourceTree = "<group>"; };
/* End PBXFileReference section */

/* Begin PBXFrameworksBuildPhase section */
		C9B2F7C72C78ED2900C86EE9 /* Frameworks */ = {
			isa = PBXFrameworksBuildPhase;
			buildActionMask = 2147483647;
			files = (
			);
			runOnlyForDeploymentPostprocessing = 0;
		};
		C9B2F7D92C78ED2900C86EE9 /* Frameworks */ = {
			isa = PBXFrameworksBuildPhase;
			buildActionMask = 2147483647;
			files = (
			);
			runOnlyForDeploymentPostprocessing = 0;
		};
		C9B2F7E52C78ED2900C86EE9 /* Frameworks */ = {
			isa = PBXFrameworksBuildPhase;
			buildActionMask = 2147483647;
			files = (
			);
			runOnlyForDeploymentPostprocessing = 0;
		};
		C9B2F7EF2C78ED2900C86EE9 /* Frameworks */ = {
			isa = PBXFrameworksBuildPhase;
			buildActionMask = 2147483647;
			files = (
			);
			runOnlyForDeploymentPostprocessing = 0;
		};
/* End PBXFrameworksBuildPhase section */

/* Begin PBXGroup section */
		C9B2F7AD2C78ED2800C86EE9 = {
			isa = PBXGroup;
			children = (
				C9B2F7B22C78ED2800C86EE9 /* Shared (App) */,
				C9B2F7BB2C78ED2900C86EE9 /* Shared (Extension) */,
				C9B2F7CC2C78ED2900C86EE9 /* iOS (App) */,
				C9B2F7DD2C78ED2900C86EE9 /* macOS (App) */,
				C9B2F7EC2C78ED2900C86EE9 /* iOS (Extension) */,
				C9B2F7F62C78ED2900C86EE9 /* macOS (Extension) */,
				C9B2F7CB2C78ED2900C86EE9 /* Products */,
			);
			sourceTree = "<group>";
		};
		C9B2F7B22C78ED2800C86EE9 /* Shared (App) */ = {
			isa = PBXGroup;
			children = (
				C9B2F7B92C78ED2800C86EE9 /* ViewController.swift */,
				C9B2F7BA2C78ED2900C86EE9 /* Assets.xcassets */,
				C9B2F7B32C78ED2800C86EE9 /* Resources */,
			);
			path = "Shared (App)";
			sourceTree = "<group>";
		};
		C9B2F7B32C78ED2800C86EE9 /* Resources */ = {
			isa = PBXGroup;
			children = (
				C9B2F7B42C78ED2800C86EE9 /* Main.html */,
				C9B2F7B62C78ED2800C86EE9 /* Icon.png */,
				C9B2F7B72C78ED2800C86EE9 /* Style.css */,
				C9B2F7B82C78ED2800C86EE9 /* Script.js */,
			);
			path = Resources;
			sourceTree = "<group>";
		};
		C9B2F7BB2C78ED2900C86EE9 /* Shared (Extension) */ = {
			isa = PBXGroup;
			children = (
				C9B2F7BC2C78ED2900C86EE9 /* SafariWebExtensionHandler.swift */,
				C9B2F7BD2C78ED2900C86EE9 /* Resources */,
			);
			path = "Shared (Extension)";
			sourceTree = "<group>";
		};
		C9B2F7BD2C78ED2900C86EE9 /* Resources */ = {
			isa = PBXGroup;
			children = (
				C9B2F7BE2C78ED2900C86EE9 /* _locales */,
				C9B2F7BF2C78ED2900C86EE9 /* images */,
				C9B2F7C02C78ED2900C86EE9 /* manifest.json */,
				C9B2F8A12C78EF0100C86EE9 /* redirect-rules.json */,
			);
			path = Resources;
			sourceTree = "<group>";
		};
		C9B2F7CB2C78ED2900C86EE9 /* Products */ = {
			isa = PBXGroup;
			children = (
				C9B2F7CA2C78ED2900C86EE9 /* udm14-for-safari.app */,
				C9B2F7DC2C78ED2900C86EE9 /* udm14-for-safari.app */,
				C9B2F7E82C78ED2900C86EE9 /* udm14-for-safari Extension.appex */,
				C9B2F7F22C78ED2900C86EE9 /* udm14-for-safari Extension.appex */,
			);
			name = Products;
			sourceTree = "<group>";
		};
		C9B2F7CC2C78ED2900C86EE9 /* iOS (App) */ = {
			isa = PBXGroup;
			children = (
				C9B2F7CD2C78ED2900C86EE9 /* AppDelegate.swift */,
				C9B2F8A82C78F18C00C86EE9 /* MainViewController.swift */,
				C9B2F8A92C78F18C00C86EE9 /* PreferenceViewController.swift */,
				C9B2F7CF2C78ED2900C86EE9 /* SceneDelegate.swift */,
				C9B2F8A42C78F18C00C86EE9 /* UIView+AutoLayoutBuilder.swift */,
				C9B2F7D12C78ED2900C86EE9 /* LaunchScreen.storyboard */,
				C9B2F7D42C78ED2900C86EE9 /* Main.storyboard */,
				C9B2F7D72C78ED2900C86EE9 /* Info.plist */,
			);
			path = "iOS (App)";
			sourceTree = "<group>";
		};
		C9B2F7DD2C78ED2900C86EE9 /* macOS (App) */ = {
			isa = PBXGroup;
			children = (
				C9B2F7DE2C78ED2900C86EE9 /* AppDelegate.swift */,
				C9B2F7E02C78ED2900C86EE9 /* Main.storyboard */,
				C9B2F7E32C78ED2900C86EE9 /* udm14-for-safari.entitlements */,
			);
			path = "macOS (App)";
			sourceTree = "<group>";
		};
		C9B2F7EC2C78ED2900C86EE9 /* iOS (Extension) */ = {
			isa = PBXGroup;
			children = (
				C9B2F7ED2C78ED2900C86EE9 /* Info.plist */,
			);
			path = "iOS (Extension)";
			sourceTree = "<group>";
		};
		C9B2F7F62C78ED2900C86EE9 /* macOS (Extension) */ = {
			isa = PBXGroup;
			children = (
				C9B2F7F72C78ED2900C86EE9 /* Info.plist */,
				C9B2F7F82C78ED2900C86EE9 /* udm14-for-safari.entitlements */,
			);
			path = "macOS (Extension)";
			sourceTree = "<group>";
		};
/* End PBXGroup section */

/* Begin PBXNativeTarget section */
		C9B2F7C92C78ED2900C86EE9 /* udm14-for-safari (iOS) */ = {
			isa = PBXNativeTarget;
			buildConfigurationList = C9B2F81D2C78ED2900C86EE9 /* Build configuration list for PBXNativeTarget "udm14-for-safari (iOS)" */;
			buildPhases = (
				C9B2F7C62C78ED2900C86EE9 /* Sources */,
				C9B2F7C72C78ED2900C86EE9 /* Frameworks */,
				C9B2F7C82C78ED2900C86EE9 /* Resources */,
				C9B2F81C2C78ED2900C86EE9 /* Embed Foundation Extensions */,
			);
			buildRules = (
			);
			dependencies = (
				C9B2F7EB2C78ED2900C86EE9 /* PBXTargetDependency */,
			);
			name = "udm14-for-safari (iOS)";
			productName = "udm14-for-safari (iOS)";
			productReference = C9B2F7CA2C78ED2900C86EE9 /* udm14-for-safari.app */;
			productType = "com.apple.product-type.application";
		};
		C9B2F7DB2C78ED2900C86EE9 /* udm14-for-safari (macOS) */ = {
			isa = PBXNativeTarget;
			buildConfigurationList = C9B2F8242C78ED2900C86EE9 /* Build configuration list for PBXNativeTarget "udm14-for-safari (macOS)" */;
			buildPhases = (
				C9B2F7D82C78ED2900C86EE9 /* Sources */,
				C9B2F7D92C78ED2900C86EE9 /* Frameworks */,
				C9B2F7DA2C78ED2900C86EE9 /* Resources */,
				C9B2F8232C78ED2900C86EE9 /* Embed Foundation Extensions */,
			);
			buildRules = (
			);
			dependencies = (
				C9B2F7F52C78ED2900C86EE9 /* PBXTargetDependency */,
			);
			name = "udm14-for-safari (macOS)";
			productName = "udm14-for-safari (macOS)";
			productReference = C9B2F7DC2C78ED2900C86EE9 /* udm14-for-safari.app */;
			productType = "com.apple.product-type.application";
		};
		C9B2F7E72C78ED2900C86EE9 /* udm14-for-safari Extension (iOS) */ = {
			isa = PBXNativeTarget;
			buildConfigurationList = C9B2F8192C78ED2900C86EE9 /* Build configuration list for PBXNativeTarget "udm14-for-safari Extension (iOS)" */;
			buildPhases = (
				C9B2F7E42C78ED2900C86EE9 /* Sources */,
				C9B2F7E52C78ED2900C86EE9 /* Frameworks */,
				C9B2F7E62C78ED2900C86EE9 /* Resources */,
			);
			buildRules = (
			);
			dependencies = (
			);
			name = "udm14-for-safari Extension (iOS)";
			productName = "udm14-for-safari Extension (iOS)";
			productReference = C9B2F7E82C78ED2900C86EE9 /* udm14-for-safari Extension.appex */;
			productType = "com.apple.product-type.app-extension";
		};
		C9B2F7F12C78ED2900C86EE9 /* udm14-for-safari Extension (macOS) */ = {
			isa = PBXNativeTarget;
			buildConfigurationList = C9B2F8202C78ED2900C86EE9 /* Build configuration list for PBXNativeTarget "udm14-for-safari Extension (macOS)" */;
			buildPhases = (
				C9B2F7EE2C78ED2900C86EE9 /* Sources */,
				C9B2F7EF2C78ED2900C86EE9 /* Frameworks */,
				C9B2F7F02C78ED2900C86EE9 /* Resources */,
			);
			buildRules = (
			);
			dependencies = (
			);
			name = "udm14-for-safari Extension (macOS)";
			productName = "udm14-for-safari Extension (macOS)";
			productReference = C9B2F7F22C78ED2900C86EE9 /* udm14-for-safari Extension.appex */;
			productType = "com.apple.product-type.app-extension";
		};
/* End PBXNativeTarget section */

/* Begin PBXProject section */
		C9B2F7AE2C78ED2800C86EE9 /* Project object */ = {
			isa = PBXProject;
			attributes = {
				BuildIndependentTargetsInParallel = 1;
				LastSwiftUpdateCheck = 1540;
				LastUpgradeCheck = 1540;
				TargetAttributes = {
					C9B2F7C92C78ED2900C86EE9 = {
						CreatedOnToolsVersion = 15.4;
					};
					C9B2F7DB2C78ED2900C86EE9 = {
						CreatedOnToolsVersion = 15.4;
					};
					C9B2F7E72C78ED2900C86EE9 = {
						CreatedOnToolsVersion = 15.4;
					};
					C9B2F7F12C78ED2900C86EE9 = {
						CreatedOnToolsVersion = 15.4;
					};
				};
			};
			buildConfigurationList = C9B2F7B12C78ED2800C86EE9 /* Build configuration list for PBXProject "udm14-for-safari" */;
			compatibilityVersion = "Xcode 14.0";
			developmentRegion = en;
			hasScannedForEncodings = 0;
			knownRegions = (
				en,
				Base,
			);
			mainGroup = C9B2F7AD2C78ED2800C86EE9;
			productRefGroup = C9B2F7CB2C78ED2900C86EE9 /* Products */;
			projectDirPath = "";
			projectRoot = "";
			targets = (
				C9B2F7C92C78ED2900C86EE9 /* udm14-for-safari (iOS) */,
				C9B2F7DB2C78ED2900C86EE9 /* udm14-for-safari (macOS) */,
				C9B2F7E72C78ED2900C86EE9 /* udm14-for-safari Extension (iOS) */,
				C9B2F7F12C78ED2900C86EE9 /* udm14-for-safari Extension (macOS) */,
			);
		};
/* End PBXProject section */

/* Begin PBXResourcesBuildPhase section */
		C9B2F7C82C78ED2900C86EE9 /* Resources */ = {
			isa = PBXResourcesBuildPhase;
			buildActionMask = 2147483647;
			files = (
				C9B2F7FB2C78ED2900C86EE9 /* Icon.png in Resources */,
				C9B2F7D32C78ED2900C86EE9 /* Base in Resources */,
				C9B2F7F92C78ED2900C86EE9 /* Base in Resources */,
				C9B2F7FF2C78ED2900C86EE9 /* Script.js in Resources */,
				C9B2F8032C78ED2900C86EE9 /* Assets.xcassets in Resources */,
				C9B2F7D62C78ED2900C86EE9 /* Base in Resources */,
				C9B2F7FD2C78ED2900C86EE9 /* Style.css in Resources */,
			);
			runOnlyForDeploymentPostprocessing = 0;
		};
		C9B2F7DA2C78ED2900C86EE9 /* Resources */ = {
			isa = PBXResourcesBuildPhase;
			buildActionMask = 2147483647;
			files = (
				C9B2F7FC2C78ED2900C86EE9 /* Icon.png in Resources */,
				C9B2F7FE2C78ED2900C86EE9 /* Style.css in Resources */,
				C9B2F7E22C78ED2900C86EE9 /* Base in Resources */,
				C9B2F8002C78ED2900C86EE9 /* Script.js in Resources */,
				C9B2F8042C78ED2900C86EE9 /* Assets.xcassets in Resources */,
				C9B2F7FA2C78ED2900C86EE9 /* Base in Resources */,
			);
			runOnlyForDeploymentPostprocessing = 0;
		};
		C9B2F7E62C78ED2900C86EE9 /* Resources */ = {
			isa = PBXResourcesBuildPhase;
			buildActionMask = 2147483647;
			files = (
				C9B2F8A22C78EF0100C86EE9 /* redirect-rules.json in Resources */,
				C9B2F8092C78ED2900C86EE9 /* images in Resources */,
				C9B2F80B2C78ED2900C86EE9 /* manifest.json in Resources */,
				C9B2F8072C78ED2900C86EE9 /* _locales in Resources */,
			);
			runOnlyForDeploymentPostprocessing = 0;
		};
		C9B2F7F02C78ED2900C86EE9 /* Resources */ = {
			isa = PBXResourcesBuildPhase;
			buildActionMask = 2147483647;
			files = (
				C9B2F8A32C78EF0100C86EE9 /* redirect-rules.json in Resources */,
				C9B2F80A2C78ED2900C86EE9 /* images in Resources */,
				C9B2F80C2C78ED2900C86EE9 /* manifest.json in Resources */,
				C9B2F8082C78ED2900C86EE9 /* _locales in Resources */,
			);
			runOnlyForDeploymentPostprocessing = 0;
		};
/* End PBXResourcesBuildPhase section */

/* Begin PBXSourcesBuildPhase section */
		C9B2F7C62C78ED2900C86EE9 /* Sources */ = {
			isa = PBXSourcesBuildPhase;
			buildActionMask = 2147483647;
			files = (
				C9B2F8AB2C78F18C00C86EE9 /* PreferenceViewController.swift in Sources */,
				C9B2F8AE2C78F18C00C86EE9 /* UIView+AutoLayoutBuilder.swift in Sources */,
				C9B2F8012C78ED2900C86EE9 /* ViewController.swift in Sources */,
				C9B2F7CE2C78ED2900C86EE9 /* AppDelegate.swift in Sources */,
				C9B2F7D02C78ED2900C86EE9 /* SceneDelegate.swift in Sources */,
				C9B2F8AA2C78F18C00C86EE9 /* MainViewController.swift in Sources */,
			);
			runOnlyForDeploymentPostprocessing = 0;
		};
		C9B2F7D82C78ED2900C86EE9 /* Sources */ = {
			isa = PBXSourcesBuildPhase;
			buildActionMask = 2147483647;
			files = (
				C9B2F8022C78ED2900C86EE9 /* ViewController.swift in Sources */,
				C9B2F7DF2C78ED2900C86EE9 /* AppDelegate.swift in Sources */,
			);
			runOnlyForDeploymentPostprocessing = 0;
		};
		C9B2F7E42C78ED2900C86EE9 /* Sources */ = {
			isa = PBXSourcesBuildPhase;
			buildActionMask = 2147483647;
			files = (
				C9B2F8052C78ED2900C86EE9 /* SafariWebExtensionHandler.swift in Sources */,
			);
			runOnlyForDeploymentPostprocessing = 0;
		};
		C9B2F7EE2C78ED2900C86EE9 /* Sources */ = {
			isa = PBXSourcesBuildPhase;
			buildActionMask = 2147483647;
			files = (
				C9B2F8062C78ED2900C86EE9 /* SafariWebExtensionHandler.swift in Sources */,
			);
			runOnlyForDeploymentPostprocessing = 0;
		};
/* End PBXSourcesBuildPhase section */

/* Begin PBXTargetDependency section */
		C9B2F7EB2C78ED2900C86EE9 /* PBXTargetDependency */ = {
			isa = PBXTargetDependency;
			target = C9B2F7E72C78ED2900C86EE9 /* udm14-for-safari Extension (iOS) */;
			targetProxy = C9B2F7EA2C78ED2900C86EE9 /* PBXContainerItemProxy */;
		};
		C9B2F7F52C78ED2900C86EE9 /* PBXTargetDependency */ = {
			isa = PBXTargetDependency;
			target = C9B2F7F12C78ED2900C86EE9 /* udm14-for-safari Extension (macOS) */;
			targetProxy = C9B2F7F42C78ED2900C86EE9 /* PBXContainerItemProxy */;
		};
/* End PBXTargetDependency section */

/* Begin PBXVariantGroup section */
		C9B2F7B42C78ED2800C86EE9 /* Main.html */ = {
			isa = PBXVariantGroup;
			children = (
				C9B2F7B52C78ED2800C86EE9 /* Base */,
			);
			name = Main.html;
			sourceTree = "<group>";
		};
		C9B2F7D12C78ED2900C86EE9 /* LaunchScreen.storyboard */ = {
			isa = PBXVariantGroup;
			children = (
				C9B2F7D22C78ED2900C86EE9 /* Base */,
			);
			name = LaunchScreen.storyboard;
			sourceTree = "<group>";
		};
		C9B2F7D42C78ED2900C86EE9 /* Main.storyboard */ = {
			isa = PBXVariantGroup;
			children = (
				C9B2F7D52C78ED2900C86EE9 /* Base */,
			);
			name = Main.storyboard;
			sourceTree = "<group>";
		};
		C9B2F7E02C78ED2900C86EE9 /* Main.storyboard */ = {
			isa = PBXVariantGroup;
			children = (
				C9B2F7E12C78ED2900C86EE9 /* Base */,
			);
			name = Main.storyboard;
			sourceTree = "<group>";
		};
/* End PBXVariantGroup section */

/* Begin XCBuildConfiguration section */
		C9B2F8172C78ED2900C86EE9 /* Debug */ = {
			isa = XCBuildConfiguration;
			buildSettings = {
				ALWAYS_SEARCH_USER_PATHS = NO;
				ASSETCATALOG_COMPILER_GENERATE_SWIFT_ASSET_SYMBOL_EXTENSIONS = YES;
				CLANG_ANALYZER_NONNULL = YES;
				CLANG_ANALYZER_NUMBER_OBJECT_CONVERSION = YES_AGGRESSIVE;
				CLANG_CXX_LANGUAGE_STANDARD = "gnu++20";
				CLANG_ENABLE_MODULES = YES;
				CLANG_ENABLE_OBJC_ARC = YES;
				CLANG_ENABLE_OBJC_WEAK = YES;
				CLANG_WARN_BLOCK_CAPTURE_AUTORELEASING = YES;
				CLANG_WARN_BOOL_CONVERSION = YES;
				CLANG_WARN_COMMA = YES;
				CLANG_WARN_CONSTANT_CONVERSION = YES;
				CLANG_WARN_DEPRECATED_OBJC_IMPLEMENTATIONS = YES;
				CLANG_WARN_DIRECT_OBJC_ISA_USAGE = YES_ERROR;
				CLANG_WARN_DOCUMENTATION_COMMENTS = YES;
				CLANG_WARN_EMPTY_BODY = YES;
				CLANG_WARN_ENUM_CONVERSION = YES;
				CLANG_WARN_INFINITE_RECURSION = YES;
				CLANG_WARN_INT_CONVERSION = YES;
				CLANG_WARN_NON_LITERAL_NULL_CONVERSION = YES;
				CLANG_WARN_OBJC_IMPLICIT_RETAIN_SELF = YES;
				CLANG_WARN_OBJC_LITERAL_CONVERSION = YES;
				CLANG_WARN_OBJC_ROOT_CLASS = YES_ERROR;
				CLANG_WARN_QUOTED_INCLUDE_IN_FRAMEWORK_HEADER = YES;
				CLANG_WARN_RANGE_LOOP_ANALYSIS = YES;
				CLANG_WARN_STRICT_PROTOTYPES = YES;
				CLANG_WARN_SUSPICIOUS_MOVE = YES;
				CLANG_WARN_UNGUARDED_AVAILABILITY = YES_AGGRESSIVE;
				CLANG_WARN_UNREACHABLE_CODE = YES;
				CLANG_WARN__DUPLICATE_METHOD_MATCH = YES;
				COPY_PHASE_STRIP = NO;
				DEBUG_INFORMATION_FORMAT = dwarf;
				ENABLE_STRICT_OBJC_MSGSEND = YES;
				ENABLE_TESTABILITY = YES;
				ENABLE_USER_SCRIPT_SANDBOXING = YES;
				GCC_C_LANGUAGE_STANDARD = gnu17;
				GCC_DYNAMIC_NO_PIC = NO;
				GCC_NO_COMMON_BLOCKS = YES;
				GCC_OPTIMIZATION_LEVEL = 0;
				GCC_PREPROCESSOR_DEFINITIONS = (
					"DEBUG=1",
					"$(inherited)",
				);
				GCC_WARN_64_TO_32_BIT_CONVERSION = YES;
				GCC_WARN_ABOUT_RETURN_TYPE = YES_ERROR;
				GCC_WARN_UNDECLARED_SELECTOR = YES;
				GCC_WARN_UNINITIALIZED_AUTOS = YES_AGGRESSIVE;
				GCC_WARN_UNUSED_FUNCTION = YES;
				GCC_WARN_UNUSED_VARIABLE = YES;
				LOCALIZATION_PREFERS_STRING_CATALOGS = YES;
				MTL_ENABLE_DEBUG_INFO = INCLUDE_SOURCE;
				MTL_FAST_MATH = YES;
				ONLY_ACTIVE_ARCH = YES;
				SWIFT_ACTIVE_COMPILATION_CONDITIONS = "DEBUG $(inherited)";
				SWIFT_OPTIMIZATION_LEVEL = "-Onone";
			};
			name = Debug;
		};
		C9B2F8182C78ED2900C86EE9 /* Release */ = {
			isa = XCBuildConfiguration;
			buildSettings = {
				ALWAYS_SEARCH_USER_PATHS = NO;
				ASSETCATALOG_COMPILER_GENERATE_SWIFT_ASSET_SYMBOL_EXTENSIONS = YES;
				CLANG_ANALYZER_NONNULL = YES;
				CLANG_ANALYZER_NUMBER_OBJECT_CONVERSION = YES_AGGRESSIVE;
				CLANG_CXX_LANGUAGE_STANDARD = "gnu++20";
				CLANG_ENABLE_MODULES = YES;
				CLANG_ENABLE_OBJC_ARC = YES;
				CLANG_ENABLE_OBJC_WEAK = YES;
				CLANG_WARN_BLOCK_CAPTURE_AUTORELEASING = YES;
				CLANG_WARN_BOOL_CONVERSION = YES;
				CLANG_WARN_COMMA = YES;
				CLANG_WARN_CONSTANT_CONVERSION = YES;
				CLANG_WARN_DEPRECATED_OBJC_IMPLEMENTATIONS = YES;
				CLANG_WARN_DIRECT_OBJC_ISA_USAGE = YES_ERROR;
				CLANG_WARN_DOCUMENTATION_COMMENTS = YES;
				CLANG_WARN_EMPTY_BODY = YES;
				CLANG_WARN_ENUM_CONVERSION = YES;
				CLANG_WARN_INFINITE_RECURSION = YES;
				CLANG_WARN_INT_CONVERSION = YES;
				CLANG_WARN_NON_LITERAL_NULL_CONVERSION = YES;
				CLANG_WARN_OBJC_IMPLICIT_RETAIN_SELF = YES;
				CLANG_WARN_OBJC_LITERAL_CONVERSION = YES;
				CLANG_WARN_OBJC_ROOT_CLASS = YES_ERROR;
				CLANG_WARN_QUOTED_INCLUDE_IN_FRAMEWORK_HEADER = YES;
				CLANG_WARN_RANGE_LOOP_ANALYSIS = YES;
				CLANG_WARN_STRICT_PROTOTYPES = YES;
				CLANG_WARN_SUSPICIOUS_MOVE = YES;
				CLANG_WARN_UNGUARDED_AVAILABILITY = YES_AGGRESSIVE;
				CLANG_WARN_UNREACHABLE_CODE = YES;
				CLANG_WARN__DUPLICATE_METHOD_MATCH = YES;
				COPY_PHASE_STRIP = NO;
				DEBUG_INFORMATION_FORMAT = "dwarf-with-dsym";
				ENABLE_NS_ASSERTIONS = NO;
				ENABLE_STRICT_OBJC_MSGSEND = YES;
				ENABLE_USER_SCRIPT_SANDBOXING = YES;
				GCC_C_LANGUAGE_STANDARD = gnu17;
				GCC_NO_COMMON_BLOCKS = YES;
				GCC_WARN_64_TO_32_BIT_CONVERSION = YES;
				GCC_WARN_ABOUT_RETURN_TYPE = YES_ERROR;
				GCC_WARN_UNDECLARED_SELECTOR = YES;
				GCC_WARN_UNINITIALIZED_AUTOS = YES_AGGRESSIVE;
				GCC_WARN_UNUSED_FUNCTION = YES;
				GCC_WARN_UNUSED_VARIABLE = YES;
				LOCALIZATION_PREFERS_STRING_CATALOGS = YES;
				MTL_ENABLE_DEBUG_INFO = NO;
				MTL_FAST_MATH = YES;
				SWIFT_COMPILATION_MODE = wholemodule;
			};
			name = Release;
		};
		C9B2F81A2C78ED2900C86EE9 /* Debug */ = {
			isa = XCBuildConfiguration;
			buildSettings = {
				CODE_SIGN_STYLE = Manual;
				CURRENT_PROJECT_VERSION = 1;
				DEVELOPMENT_TEAM = "";
				GENERATE_INFOPLIST_FILE = YES;
				INFOPLIST_FILE = "iOS (Extension)/Info.plist";
				INFOPLIST_KEY_CFBundleDisplayName = "udm14-for-safari Extension";
				INFOPLIST_KEY_NSHumanReadableCopyright = "";
				IPHONEOS_DEPLOYMENT_TARGET = 15.0;
				LD_RUNPATH_SEARCH_PATHS = (
					"$(inherited)",
					"@executable_path/Frameworks",
					"@executable_path/../../Frameworks",
				);
				MARKETING_VERSION = 1.0;
				OTHER_LDFLAGS = (
					"-framework",
					SafariServices,
				);
				PRODUCT_BUNDLE_IDENTIFIER = "com.crossbowffs.udm14-for-safari.Extension";
				PRODUCT_NAME = "udm14-for-safari Extension";
				PROVISIONING_PROFILE_SPECIFIER = "";
				SDKROOT = iphoneos;
				SKIP_INSTALL = YES;
				SWIFT_EMIT_LOC_STRINGS = YES;
				SWIFT_VERSION = 5.0;
				TARGETED_DEVICE_FAMILY = "1,2";
			};
			name = Debug;
		};
		C9B2F81B2C78ED2900C86EE9 /* Release */ = {
			isa = XCBuildConfiguration;
			buildSettings = {
				CODE_SIGN_STYLE = Manual;
				CURRENT_PROJECT_VERSION = 1;
				DEVELOPMENT_TEAM = "";
				GENERATE_INFOPLIST_FILE = YES;
				INFOPLIST_FILE = "iOS (Extension)/Info.plist";
				INFOPLIST_KEY_CFBundleDisplayName = "udm14-for-safari Extension";
				INFOPLIST_KEY_NSHumanReadableCopyright = "";
				IPHONEOS_DEPLOYMENT_TARGET = 15.0;
				LD_RUNPATH_SEARCH_PATHS = (
					"$(inherited)",
					"@executable_path/Frameworks",
					"@executable_path/../../Frameworks",
				);
				MARKETING_VERSION = 1.0;
				OTHER_LDFLAGS = (
					"-framework",
					SafariServices,
				);
				PRODUCT_BUNDLE_IDENTIFIER = "com.crossbowffs.udm14-for-safari.Extension";
				PRODUCT_NAME = "udm14-for-safari Extension";
				PROVISIONING_PROFILE_SPECIFIER = "";
				SDKROOT = iphoneos;
				SKIP_INSTALL = YES;
				SWIFT_EMIT_LOC_STRINGS = YES;
				SWIFT_VERSION = 5.0;
				TARGETED_DEVICE_FAMILY = "1,2";
				VALIDATE_PRODUCT = YES;
			};
			name = Release;
		};
		C9B2F81E2C78ED2900C86EE9 /* Debug */ = {
			isa = XCBuildConfiguration;
			buildSettings = {
				ALWAYS_EMBED_SWIFT_STANDARD_LIBRARIES = YES;
				ASSETCATALOG_COMPILER_APPICON_NAME = AppIcon;
				ASSETCATALOG_COMPILER_GLOBAL_ACCENT_COLOR_NAME = AccentColor;
				CODE_SIGN_STYLE = Manual;
				CURRENT_PROJECT_VERSION = 1;
				DEVELOPMENT_TEAM = "";
				GENERATE_INFOPLIST_FILE = YES;
				INFOPLIST_FILE = "iOS (App)/Info.plist";
				INFOPLIST_KEY_CFBundleDisplayName = "udm14 for Safari";
				INFOPLIST_KEY_UIApplicationSupportsIndirectInputEvents = YES;
				INFOPLIST_KEY_UILaunchStoryboardName = LaunchScreen;
				INFOPLIST_KEY_UIMainStoryboardFile = Main;
				INFOPLIST_KEY_UISupportedInterfaceOrientations = "UIInterfaceOrientationPortrait UIInterfaceOrientationLandscapeLeft UIInterfaceOrientationLandscapeRight";
				INFOPLIST_KEY_UISupportedInterfaceOrientations_iPad = "UIInterfaceOrientationPortrait UIInterfaceOrientationPortraitUpsideDown UIInterfaceOrientationLandscapeLeft UIInterfaceOrientationLandscapeRight";
				IPHONEOS_DEPLOYMENT_TARGET = 15.0;
				LD_RUNPATH_SEARCH_PATHS = (
					"$(inherited)",
					"@executable_path/Frameworks",
				);
				MARKETING_VERSION = 1.0;
				OTHER_LDFLAGS = (
					"-framework",
					SafariServices,
					"-framework",
					WebKit,
				);
				PRODUCT_BUNDLE_IDENTIFIER = "com.crossbowffs.udm14-for-safari";
				PRODUCT_NAME = "udm14-for-safari";
				PROVISIONING_PROFILE_SPECIFIER = "";
				SDKROOT = iphoneos;
				SWIFT_EMIT_LOC_STRINGS = YES;
				SWIFT_VERSION = 5.0;
				TARGETED_DEVICE_FAMILY = "1,2";
			};
			name = Debug;
		};
		C9B2F81F2C78ED2900C86EE9 /* Release */ = {
			isa = XCBuildConfiguration;
			buildSettings = {
				ALWAYS_EMBED_SWIFT_STANDARD_LIBRARIES = YES;
				ASSETCATALOG_COMPILER_APPICON_NAME = AppIcon;
				ASSETCATALOG_COMPILER_GLOBAL_ACCENT_COLOR_NAME = AccentColor;
				CODE_SIGN_STYLE = Manual;
				CURRENT_PROJECT_VERSION = 1;
				DEVELOPMENT_TEAM = "";
				GENERATE_INFOPLIST_FILE = YES;
				INFOPLIST_FILE = "iOS (App)/Info.plist";
				INFOPLIST_KEY_CFBundleDisplayName = "udm14 for Safari";
				INFOPLIST_KEY_UIApplicationSupportsIndirectInputEvents = YES;
				INFOPLIST_KEY_UILaunchStoryboardName = LaunchScreen;
				INFOPLIST_KEY_UIMainStoryboardFile = Main;
				INFOPLIST_KEY_UISupportedInterfaceOrientations = "UIInterfaceOrientationPortrait UIInterfaceOrientationLandscapeLeft UIInterfaceOrientationLandscapeRight";
				INFOPLIST_KEY_UISupportedInterfaceOrientations_iPad = "UIInterfaceOrientationPortrait UIInterfaceOrientationPortraitUpsideDown UIInterfaceOrientationLandscapeLeft UIInterfaceOrientationLandscapeRight";
				IPHONEOS_DEPLOYMENT_TARGET = 15.0;
				LD_RUNPATH_SEARCH_PATHS = (
					"$(inherited)",
					"@executable_path/Frameworks",
				);
				MARKETING_VERSION = 1.0;
				OTHER_LDFLAGS = (
					"-framework",
					SafariServices,
					"-framework",
					WebKit,
				);
				PRODUCT_BUNDLE_IDENTIFIER = "com.crossbowffs.udm14-for-safari";
				PRODUCT_NAME = "udm14-for-safari";
				PROVISIONING_PROFILE_SPECIFIER = "";
				SDKROOT = iphoneos;
				SWIFT_EMIT_LOC_STRINGS = YES;
				SWIFT_VERSION = 5.0;
				TARGETED_DEVICE_FAMILY = "1,2";
				VALIDATE_PRODUCT = YES;
			};
			name = Release;
		};
		C9B2F8212C78ED2900C86EE9 /* Debug */ = {
			isa = XCBuildConfiguration;
			buildSettings = {
				CODE_SIGN_ENTITLEMENTS = "macOS (Extension)/udm14-for-safari.entitlements";
				CODE_SIGN_STYLE = Manual;
				CURRENT_PROJECT_VERSION = 1;
				DEVELOPMENT_TEAM = "";
				ENABLE_HARDENED_RUNTIME = YES;
				GENERATE_INFOPLIST_FILE = YES;
				INFOPLIST_FILE = "macOS (Extension)/Info.plist";
				INFOPLIST_KEY_CFBundleDisplayName = "udm14-for-safari Extension";
				INFOPLIST_KEY_NSHumanReadableCopyright = "";
				LD_RUNPATH_SEARCH_PATHS = (
					"$(inherited)",
					"@executable_path/../Frameworks",
					"@executable_path/../../../../Frameworks",
				);
				MACOSX_DEPLOYMENT_TARGET = 10.14;
				MARKETING_VERSION = 1.0;
				OTHER_LDFLAGS = (
					"-framework",
					SafariServices,
				);
				PRODUCT_BUNDLE_IDENTIFIER = "com.crossbowffs.udm14-for-safari.Extension";
				PRODUCT_NAME = "udm14-for-safari Extension";
				PROVISIONING_PROFILE_SPECIFIER = "";
				SDKROOT = macosx;
				SKIP_INSTALL = YES;
				SWIFT_EMIT_LOC_STRINGS = YES;
				SWIFT_VERSION = 5.0;
			};
			name = Debug;
		};
		C9B2F8222C78ED2900C86EE9 /* Release */ = {
			isa = XCBuildConfiguration;
			buildSettings = {
				CODE_SIGN_ENTITLEMENTS = "macOS (Extension)/udm14-for-safari.entitlements";
				CODE_SIGN_STYLE = Manual;
				CURRENT_PROJECT_VERSION = 1;
				DEVELOPMENT_TEAM = "";
				ENABLE_HARDENED_RUNTIME = YES;
				GENERATE_INFOPLIST_FILE = YES;
				INFOPLIST_FILE = "macOS (Extension)/Info.plist";
				INFOPLIST_KEY_CFBundleDisplayName = "udm14-for-safari Extension";
				INFOPLIST_KEY_NSHumanReadableCopyright = "";
				LD_RUNPATH_SEARCH_PATHS = (
					"$(inherited)",
					"@executable_path/../Frameworks",
					"@executable_path/../../../../Frameworks",
				);
				MACOSX_DEPLOYMENT_TARGET = 10.14;
				MARKETING_VERSION = 1.0;
				OTHER_LDFLAGS = (
					"-framework",
					SafariServices,
				);
				PRODUCT_BUNDLE_IDENTIFIER = "com.crossbowffs.udm14-for-safari.Extension";
				PRODUCT_NAME = "udm14-for-safari Extension";
				PROVISIONING_PROFILE_SPECIFIER = "";
				SDKROOT = macosx;
				SKIP_INSTALL = YES;
				SWIFT_EMIT_LOC_STRINGS = YES;
				SWIFT_VERSION = 5.0;
			};
			name = Release;
		};
		C9B2F8252C78ED2900C86EE9 /* Debug */ = {
			isa = XCBuildConfiguration;
			buildSettings = {
				ALWAYS_EMBED_SWIFT_STANDARD_LIBRARIES = YES;
				ASSETCATALOG_COMPILER_APPICON_NAME = AppIcon;
				ASSETCATALOG_COMPILER_GLOBAL_ACCENT_COLOR_NAME = AccentColor;
				CODE_SIGN_ENTITLEMENTS = "macOS (App)/udm14-for-safari.entitlements";
				CODE_SIGN_STYLE = Manual;
				CURRENT_PROJECT_VERSION = 1;
				DEVELOPMENT_TEAM = "";
				ENABLE_HARDENED_RUNTIME = YES;
				GENERATE_INFOPLIST_FILE = YES;
				INFOPLIST_KEY_CFBundleDisplayName = "udm14 for Safari";
				INFOPLIST_KEY_NSMainStoryboardFile = Main;
				INFOPLIST_KEY_NSPrincipalClass = NSApplication;
				LD_RUNPATH_SEARCH_PATHS = (
					"$(inherited)",
					"@executable_path/../Frameworks",
				);
				MACOSX_DEPLOYMENT_TARGET = 10.14;
				MARKETING_VERSION = 1.0;
				OTHER_LDFLAGS = (
					"-framework",
					SafariServices,
					"-framework",
					WebKit,
				);
				PRODUCT_BUNDLE_IDENTIFIER = "com.crossbowffs.udm14-for-safari";
				PRODUCT_NAME = "udm14-for-safari";
				PROVISIONING_PROFILE_SPECIFIER = "";
				SDKROOT = macosx;
				SWIFT_EMIT_LOC_STRINGS = YES;
				SWIFT_VERSION = 5.0;
			};
			name = Debug;
		};
		C9B2F8262C78ED2900C86EE9 /* Release */ = {
			isa = XCBuildConfiguration;
			buildSettings = {
				ALWAYS_EMBED_SWIFT_STANDARD_LIBRARIES = YES;
				ASSETCATALOG_COMPILER_APPICON_NAME = AppIcon;
				ASSETCATALOG_COMPILER_GLOBAL_ACCENT_COLOR_NAME = AccentColor;
				CODE_SIGN_ENTITLEMENTS = "macOS (App)/udm14-for-safari.entitlements";
				CODE_SIGN_STYLE = Manual;
				CURRENT_PROJECT_VERSION = 1;
				DEVELOPMENT_TEAM = "";
				ENABLE_HARDENED_RUNTIME = YES;
				GENERATE_INFOPLIST_FILE = YES;
				INFOPLIST_KEY_CFBundleDisplayName = "udm14 for Safari";
				INFOPLIST_KEY_NSMainStoryboardFile = Main;
				INFOPLIST_KEY_NSPrincipalClass = NSApplication;
				LD_RUNPATH_SEARCH_PATHS = (
					"$(inherited)",
					"@executable_path/../Frameworks",
				);
				MACOSX_DEPLOYMENT_TARGET = 10.14;
				MARKETING_VERSION = 1.0;
				OTHER_LDFLAGS = (
					"-framework",
					SafariServices,
					"-framework",
					WebKit,
				);
				PRODUCT_BUNDLE_IDENTIFIER = "com.crossbowffs.udm14-for-safari";
				PRODUCT_NAME = "udm14-for-safari";
				PROVISIONING_PROFILE_SPECIFIER = "";
				SDKROOT = macosx;
				SWIFT_EMIT_LOC_STRINGS = YES;
				SWIFT_VERSION = 5.0;
			};
			name = Release;
		};
/* End XCBuildConfiguration section */

/* Begin XCConfigurationList section */
		C9B2F7B12C78ED2800C86EE9 /* Build configuration list for PBXProject "udm14-for-safari" */ = {
			isa = XCConfigurationList;
			buildConfigurations = (
				C9B2F8172C78ED2900C86EE9 /* Debug */,
				C9B2F8182C78ED2900C86EE9 /* Release */,
			);
			defaultConfigurationIsVisible = 0;
			defaultConfigurationName = Release;
		};
		C9B2F8192C78ED2900C86EE9 /* Build configuration list for PBXNativeTarget "udm14-for-safari Extension (iOS)" */ = {
			isa = XCConfigurationList;
			buildConfigurations = (
				C9B2F81A2C78ED2900C86EE9 /* Debug */,
				C9B2F81B2C78ED2900C86EE9 /* Release */,
			);
			defaultConfigurationIsVisible = 0;
			defaultConfigurationName = Release;
		};
		C9B2F81D2C78ED2900C86EE9 /* Build configuration list for PBXNativeTarget "udm14-for-safari (iOS)" */ = {
			isa = XCConfigurationList;
			buildConfigurations = (
				C9B2F81E2C78ED2900C86EE9 /* Debug */,
				C9B2F81F2C78ED2900C86EE9 /* Release */,
			);
			defaultConfigurationIsVisible = 0;
			defaultConfigurationName = Release;
		};
		C9B2F8202C78ED2900C86EE9 /* Build configuration list for PBXNativeTarget "udm14-for-safari Extension (macOS)" */ = {
			isa = XCConfigurationList;
			buildConfigurations = (
				C9B2F8212C78ED2900C86EE9 /* Debug */,
				C9B2F8222C78ED2900C86EE9 /* Release */,
			);
			defaultConfigurationIsVisible = 0;
			defaultConfigurationName = Release;
		};
		C9B2F8242C78ED2900C86EE9 /* Build configuration list for PBXNativeTarget "udm14-for-safari (macOS)" */ = {
			isa = XCConfigurationList;
			buildConfigurations = (
				C9B2F8252C78ED2900C86EE9 /* Debug */,
				C9B2F8262C78ED2900C86EE9 /* Release */,
			);
			defaultConfigurationIsVisible = 0;
			defaultConfigurationName = Release;
		};
/* End XCConfigurationList section */
	};
	rootObject = C9B2F7AE2C78ED2800C86EE9 /* Project object */;
}
